{
  "name": "presentation-sharing-redux",
  "version": "0.1.0",
  "lockfileVersion": 1,
  "requires": true,
  "dependencies": {
    "component-clone": {
      "version": "0.2.2",
      "resolved": "https://registry.npmjs.org/component-clone/-/component-clone-0.2.2.tgz",
      "integrity": "sha1-x/WXmCKID62M+wliuikYbQYe4E8=",
      "dev": true,
      "requires": {
        "component-type": "1.1.0"
      }
    },
    "component-emitter": {
      "version": "1.2.0",
      "resolved": "https://registry.npmjs.org/component-emitter/-/component-emitter-1.2.0.tgz",
      "integrity": "sha1-zNETqGOI0GSC0D3j/H35hSa6jv4=",
      "dev": true
    },
    "component-raf": {
      "version": "1.2.0",
      "resolved": "https://registry.npmjs.org/component-raf/-/component-raf-1.2.0.tgz",
      "integrity": "sha1-srxy1D8bAU/eeks8RHx2S8c8y6o=",
      "dev": true
    },
    "component-tween": {
      "version": "1.2.0",
      "resolved": "https://registry.npmjs.org/component-tween/-/component-tween-1.2.0.tgz",
      "integrity": "sha1-zDnOXbqwW1KCX0HRlHY4oLAbK4o=",
      "dev": true,
      "requires": {
        "component-clone": "0.2.2",
        "component-emitter": "1.2.0",
        "component-type": "1.1.0",
        "ease-component": "1.0.0"
      }
    },
    "component-type": {
      "version": "1.1.0",
      "resolved": "https://registry.npmjs.org/component-type/-/component-type-1.1.0.tgz",
      "integrity": "sha1-lbZmqtU+XI0fK+E1xFtdSZGXwMU=",
      "dev": true
    },
    "ease-component": {
      "version": "1.0.0",
      "resolved": "https://registry.npmjs.org/ease-component/-/ease-component-1.0.0.tgz",
      "integrity": "sha1-s3VybbC1sEWVt3RAOW/sfapdd8k=",
      "dev": true
    },
    "js-tokens": {
      "version": "4.0.0",
      "resolved": "https://registry.npmjs.org/js-tokens/-/js-tokens-4.0.0.tgz",
      "integrity": "sha512-RdJUflcE3cUzKiMqQgsCu06FPu9UdIJO0beYbPhHN4k6apgJtifcoCtT9bcxOpYBtpD2kCM6Sbzg4CausW/PKQ==",
      "dev": true
    },
    "lodash.clamp": {
      "version": "4.0.3",
      "resolved": "https://registry.npmjs.org/lodash.clamp/-/lodash.clamp-4.0.3.tgz",
      "integrity": "sha1-XCS+3u7vB1NWDcK0y0Zx+Qpt36o=",
      "dev": true
    },
    "lodash.memoize": {
      "version": "4.1.2",
      "resolved": "https://registry.npmjs.org/lodash.memoize/-/lodash.memoize-4.1.2.tgz",
      "integrity": "sha1-vMbEmkKihA7Zl/Mj6tpezRguC/4=",
      "dev": true
    },
    "lodash.padstart": {
      "version": "4.6.1",
      "resolved": "https://registry.npmjs.org/lodash.padstart/-/lodash.padstart-4.6.1.tgz",
      "integrity": "sha1-0uPuv/DZ05rVD1y9G1KnvOa7YRs=",
      "dev": true
    },
    "loose-envify": {
      "version": "1.4.0",
      "resolved": "https://registry.npmjs.org/loose-envify/-/loose-envify-1.4.0.tgz",
      "integrity": "sha512-lyuxPGr/Wfhrlem2CL/UcnUc1zcqKAImBDzukY7Y5F/yQiNdko6+fRLevlw1HgMySw7f611UIY408EtxRSoK3Q==",
      "dev": true,
      "requires": {
        "js-tokens": "4.0.0"
      }
    },
    "object-assign": {
      "version": "4.1.1",
      "resolved": "https://registry.npmjs.org/object-assign/-/object-assign-4.1.1.tgz",
      "integrity": "sha1-IQmtx5ZYh8/AXLvUQsrIv7s2CGM=",
      "dev": true
    },
    "prop-types": {
      "version": "15.6.2",
      "resolved": "https://registry.npmjs.org/prop-types/-/prop-types-15.6.2.tgz",
      "integrity": "sha512-3pboPvLiWD7dkI3qf3KbUe6hKFKa52w+AE0VCqECtf+QHAKgOL37tTaNCnuX1nAAQ4ZhyP+kYVKf8rLmJ/feDQ==",
      "dev": true,
      "requires": {
        "loose-envify": "1.4.0",
        "object-assign": "4.1.1"
      }
    },
    "spectacle-code-slide": {
      "version": "0.5.2",
      "resolved": "https://registry.npmjs.org/spectacle-code-slide/-/spectacle-code-slide-0.5.2.tgz",
      "integrity": "sha512-BgTNKw17cn2DmXf/Az2lglrahqHdg7L0lQC/aD3oaHj7GnJnH91YSVDXBLuoA4zIbCSyc1G4Q3khlTsNVAEISQ==",
      "dev": true,
      "requires": {
        "component-raf": "1.2.0",
        "component-tween": "1.2.0",
        "lodash.clamp": "4.0.3",
        "lodash.memoize": "4.1.2",
        "lodash.padstart": "4.6.1",
        "prop-types": "15.6.2"
      }
    }
  }
}
